
Microsoft Visual Studio Solution File, Format Version 12.00
# Visual Studio Version 17
VisualStudioVersion = 17.4.33122.133
MinimumVisualStudioVersion = 10.0.40219.1
Project("{FAE04EC0-301F-11D3-BF4B-00C04F79EFBC}") = "SplitFile", "SplitFile\SplitFile.csproj", "{C647DBAA-4DCF-469B-AB4B-584D7FC74915}"
EndProject
Global
	GlobalSection(SolutionConfigurationPlatforms) = preSolution
		Debug|Any CPU = Debug|Any CPU
		Release|Any CPU = Release|Any CPU
	EndGlobalSection
	GlobalSection(ProjectConfigurationPlatforms) = postSolution
		{C647DBAA-4DCF-469B-AB4B-584D7FC74915}.Debug|Any CPU.ActiveCfg = Debug|Any CPU
		{C647DBAA-4DCF-469B-AB4B-584D7FC74915}.Debug|Any CPU.Build.0 = Debug|Any CPU
		{C647DBAA-4DCF-469B-AB4B-584D7FC74915}.Release|Any CPU.ActiveCfg = Release|Any CPU
		{C647DBAA-4DCF-469B-AB4B-584D7FC74915}.Release|Any CPU.Build.0 = Release|Any CPU
	EndGlobalSection
	GlobalSection(SolutionProperties) = preSolution
		HideSolutionNode = FALSE
	EndGlobalSection
	GlobalSection(ExtensibilityGlobals) = postSolution
		SolutionGuid = {521916BD-A03E-4772-B453-03737B5375C6}
	EndGlobalSection
EndGlobal
